
Microsoft Visual Studio Solution File, Format Version 12.00
# Visual Studio Version 17
VisualStudioVersion = 17.6.33815.320
MinimumVisualStudioVersion = 10.0.40219.1
Project("{FAE04EC0-301F-11D3-BF4B-00C04F79EFBC}") = "Todo List", "Todo List.csproj", "{9DE76379-7B2F-44EF-A078-904919E1C98C}"
EndProject
Global
	GlobalSection(SolutionConfigurationPlatforms) = preSolution
		Debug|Any CPU = Debug|Any CPU
		Release|Any CPU = Release|Any CPU
	EndGlobalSection
	GlobalSection(ProjectConfigurationPlatforms) = postSolution
		{9DE76379-7B2F-44EF-A078-904919E1C98C}.Debug|Any CPU.ActiveCfg = Debug|Any CPU
		{9DE76379-7B2F-44EF-A078-904919E1C98C}.Debug|Any CPU.Build.0 = Debug|Any CPU
		{9DE76379-7B2F-44EF-A078-904919E1C98C}.Release|Any CPU.ActiveCfg = Release|Any CPU
		{9DE76379-7B2F-44EF-A078-904919E1C98C}.Release|Any CPU.Build.0 = Release|Any CPU
	EndGlobalSection
	GlobalSection(SolutionProperties) = preSolution
		HideSolutionNode = FALSE
	EndGlobalSection
	GlobalSection(ExtensibilityGlobals) = postSolution
		SolutionGuid = {FD1F3C73-08A5-4FF0-8960-5379DF627137}
	EndGlobalSection
EndGlobal
